{
  "name": "github-tui",
  "version": "0.6.2",
  "lockfileVersion": 3,
  "requires": true,
  "packages": {
    "": {
      "name": "github-tui",
      "version": "0.6.2",
      "license": "MIT",
      "bin": {
        "github-tui": "app.mjs"
      },
      "engines": {
        "node": ">=18"
      }
    }
  }
}
